// !$*UTF8*$!
{
	archiveVersion = 1;
	classes = {
	};
	objectVersion = 55;
	objects = {

/* Begin PBXBuildFile section */
		7704FA4B2CC082A500A1D977 /* AppDelegate.swift in Sources */ = {isa = PBXBuildFile; fileRef = 7704FA4A2CC082A500A1D977 /* AppDelegate.swift */; };
		7704FA4D2CC082A500A1D977 /* SceneDelegate.swift in Sources */ = {isa = PBXBuildFile; fileRef = 7704FA4C2CC082A500A1D977 /* SceneDelegate.swift */; };
		7704FA4F2CC082A500A1D977 /* ViewController.swift in Sources */ = {isa = PBXBuildFile; fileRef = 7704FA4E2CC082A500A1D977 /* ViewController.swift */; };
		7704FA522CC082A500A1D977 /* Main.storyboard in Resources */ = {isa = PBXBuildFile; fileRef = 7704FA502CC082A500A1D977 /* Main.storyboard */; };
		7704FA552CC082A500A1D977 /* Vocales_PU.xcdatamodeld in Sources */ = {isa = PBXBuildFile; fileRef = 7704FA532CC082A500A1D977 /* Vocales_PU.xcdatamodeld */; };
		7704FA572CC082AC00A1D977 /* Assets.xcassets in Resources */ = {isa = PBXBuildFile; fileRef = 7704FA562CC082AC00A1D977 /* Assets.xcassets */; };
		7704FA5A2CC082AC00A1D977 /* LaunchScreen.storyboard in Resources */ = {isa = PBXBuildFile; fileRef = 7704FA582CC082AC00A1D977 /* LaunchScreen.storyboard */; };
		7704FA652CC082AC00A1D977 /* Vocales_PUTests.swift in Sources */ = {isa = PBXBuildFile; fileRef = 7704FA642CC082AC00A1D977 /* Vocales_PUTests.swift */; };
		7704FA6F2CC082AC00A1D977 /* Vocales_PUUITests.swift in Sources */ = {isa = PBXBuildFile; fileRef = 7704FA6E2CC082AC00A1D977 /* Vocales_PUUITests.swift */; };
		7704FA712CC082AC00A1D977 /* Vocales_PUUITestsLaunchTests.swift in Sources */ = {isa = PBXBuildFile; fileRef = 7704FA702CC082AC00A1D977 /* Vocales_PUUITestsLaunchTests.swift */; };
		7704FA7F2CC082EF00A1D977 /* class_vocales.swift in Sources */ = {isa = PBXBuildFile; fileRef = 7704FA7E2CC082EF00A1D977 /* class_vocales.swift */; };
/* End PBXBuildFile section */

/* Begin PBXContainerItemProxy section */
		7704FA612CC082AC00A1D977 /* PBXContainerItemProxy */ = {
			isa = PBXContainerItemProxy;
			containerPortal = 7704FA3F2CC082A500A1D977 /* Project object */;
			proxyType = 1;
			remoteGlobalIDString = 7704FA462CC082A500A1D977;
			remoteInfo = Vocales_PU;
		};
		7704FA6B2CC082AC00A1D977 /* PBXContainerItemProxy */ = {
			isa = PBXContainerItemProxy;
			containerPortal = 7704FA3F2CC082A500A1D977 /* Project object */;
			proxyType = 1;
			remoteGlobalIDString = 7704FA462CC082A500A1D977;
			remoteInfo = Vocales_PU;
		};
/* End PBXContainerItemProxy section */

/* Begin PBXFileReference section */
		7704FA472CC082A500A1D977 /* Vocales_PU.app */ = {isa = PBXFileReference; explicitFileType = wrapper.application; includeInIndex = 0; path = Vocales_PU.app; sourceTree = BUILT_PRODUCTS_DIR; };
		7704FA4A2CC082A500A1D977 /* AppDelegate.swift */ = {isa = PBXFileReference; lastKnownFileType = sourcecode.swift; path = AppDelegate.swift; sourceTree = "<group>"; };
		7704FA4C2CC082A500A1D977 /* SceneDelegate.swift */ = {isa = PBXFileReference; lastKnownFileType = sourcecode.swift; path = SceneDelegate.swift; sourceTree = "<group>"; };
		7704FA4E2CC082A500A1D977 /* ViewController.swift */ = {isa = PBXFileReference; lastKnownFileType = sourcecode.swift; path = ViewController.swift; sourceTree = "<group>"; };
		7704FA512CC082A500A1D977 /* Base */ = {isa = PBXFileReference; lastKnownFileType = file.storyboard; name = Base; path = Base.lproj/Main.storyboard; sourceTree = "<group>"; };
		7704FA542CC082A500A1D977 /* Vocales_PU.xcdatamodel */ = {isa = PBXFileReference; lastKnownFileType = wrapper.xcdatamodel; path = Vocales_PU.xcdatamodel; sourceTree = "<group>"; };
		7704FA562CC082AC00A1D977 /* Assets.xcassets */ = {isa = PBXFileReference; lastKnownFileType = folder.assetcatalog; path = Assets.xcassets; sourceTree = "<group>"; };
		7704FA592CC082AC00A1D977 /* Base */ = {isa = PBXFileReference; lastKnownFileType = file.storyboard; name = Base; path = Base.lproj/LaunchScreen.storyboard; sourceTree = "<group>"; };
		7704FA5B2CC082AC00A1D977 /* Info.plist */ = {isa = PBXFileReference; lastKnownFileType = text.plist.xml; path = Info.plist; sourceTree = "<group>"; };
		7704FA602CC082AC00A1D977 /* Vocales_PUTests.xctest */ = {isa = PBXFileReference; explicitFileType = wrapper.cfbundle; includeInIndex = 0; path = Vocales_PUTests.xctest; sourceTree = BUILT_PRODUCTS_DIR; };
		7704FA642CC082AC00A1D977 /* Vocales_PUTests.swift */ = {isa = PBXFileReference; lastKnownFileType = sourcecode.swift; path = Vocales_PUTests.swift; sourceTree = "<group>"; };
		7704FA6A2CC082AC00A1D977 /* Vocales_PUUITests.xctest */ = {isa = PBXFileReference; explicitFileType = wrapper.cfbundle; includeInIndex = 0; path = Vocales_PUUITests.xctest; sourceTree = BUILT_PRODUCTS_DIR; };
		7704FA6E2CC082AC00A1D977 /* Vocales_PUUITests.swift */ = {isa = PBXFileReference; lastKnownFileType = sourcecode.swift; path = Vocales_PUUITests.swift; sourceTree = "<group>"; };
		7704FA702CC082AC00A1D977 /* Vocales_PUUITestsLaunchTests.swift */ = {isa = PBXFileReference; lastKnownFileType = sourcecode.swift; path = Vocales_PUUITestsLaunchTests.swift; sourceTree = "<group>"; };
		7704FA7E2CC082EF00A1D977 /* class_vocales.swift */ = {isa = PBXFileReference; lastKnownFileType = sourcecode.swift; path = class_vocales.swift; sourceTree = "<group>"; };
/* End PBXFileReference section */

/* Begin PBXFrameworksBuildPhase section */
		7704FA442CC082A500A1D977 /* Frameworks */ = {
			isa = PBXFrameworksBuildPhase;
			buildActionMask = 2147483647;
			files = (
			);
			runOnlyForDeploymentPostprocessing = 0;
		};
		7704FA5D2CC082AC00A1D977 /* Frameworks */ = {
			isa = PBXFrameworksBuildPhase;
			buildActionMask = 2147483647;
			files = (
			);
			runOnlyForDeploymentPostprocessing = 0;
		};
		7704FA672CC082AC00A1D977 /* Frameworks */ = {
			isa = PBXFrameworksBuildPhase;
			buildActionMask = 2147483647;
			files = (
			);
			runOnlyForDeploymentPostprocessing = 0;
		};
/* End PBXFrameworksBuildPhase section */

/* Begin PBXGroup section */
		7704FA3E2CC082A500A1D977 = {
			isa = PBXGroup;
			children = (
				7704FA7D2CC082CD00A1D977 /* Vocales_class */,
				7704FA492CC082A500A1D977 /* Vocales_PU */,
				7704FA632CC082AC00A1D977 /* Vocales_PUTests */,
				7704FA6D2CC082AC00A1D977 /* Vocales_PUUITests */,
				7704FA482CC082A500A1D977 /* Products */,
			);
			sourceTree = "<group>";
		};
		7704FA482CC082A500A1D977 /* Products */ = {
			isa = PBXGroup;
			children = (
				7704FA472CC082A500A1D977 /* Vocales_PU.app */,
				7704FA602CC082AC00A1D977 /* Vocales_PUTests.xctest */,
				7704FA6A2CC082AC00A1D977 /* Vocales_PUUITests.xctest */,
			);
			name = Products;
			sourceTree = "<group>";
		};
		7704FA492CC082A500A1D977 /* Vocales_PU */ = {
			isa = PBXGroup;
			children = (
				7704FA4A2CC082A500A1D977 /* AppDelegate.swift */,
				7704FA4C2CC082A500A1D977 /* SceneDelegate.swift */,
				7704FA4E2CC082A500A1D977 /* ViewController.swift */,
				7704FA502CC082A500A1D977 /* Main.storyboard */,
				7704FA562CC082AC00A1D977 /* Assets.xcassets */,
				7704FA582CC082AC00A1D977 /* LaunchScreen.storyboard */,
				7704FA5B2CC082AC00A1D977 /* Info.plist */,
				7704FA532CC082A500A1D977 /* Vocales_PU.xcdatamodeld */,
			);
			path = Vocales_PU;
			sourceTree = "<group>";
		};
		7704FA632CC082AC00A1D977 /* Vocales_PUTests */ = {
			isa = PBXGroup;
			children = (
				7704FA642CC082AC00A1D977 /* Vocales_PUTests.swift */,
			);
			path = Vocales_PUTests;
			sourceTree = "<group>";
		};
		7704FA6D2CC082AC00A1D977 /* Vocales_PUUITests */ = {
			isa = PBXGroup;
			children = (
				7704FA6E2CC082AC00A1D977 /* Vocales_PUUITests.swift */,
				7704FA702CC082AC00A1D977 /* Vocales_PUUITestsLaunchTests.swift */,
			);
			path = Vocales_PUUITests;
			sourceTree = "<group>";
		};
		7704FA7D2CC082CD00A1D977 /* Vocales_class */ = {
			isa = PBXGroup;
			children = (
				7704FA7E2CC082EF00A1D977 /* class_vocales.swift */,
			);
			path = Vocales_class;
			sourceTree = "<group>";
		};
/* End PBXGroup section */

/* Begin PBXNativeTarget section */
		7704FA462CC082A500A1D977 /* Vocales_PU */ = {
			isa = PBXNativeTarget;
			buildConfigurationList = 7704FA742CC082AC00A1D977 /* Build configuration list for PBXNativeTarget "Vocales_PU" */;
			buildPhases = (
				7704FA432CC082A500A1D977 /* Sources */,
				7704FA442CC082A500A1D977 /* Frameworks */,
				7704FA452CC082A500A1D977 /* Resources */,
			);
			buildRules = (
			);
			dependencies = (
			);
			name = Vocales_PU;
			productName = Vocales_PU;
			productReference = 7704FA472CC082A500A1D977 /* Vocales_PU.app */;
			productType = "com.apple.product-type.application";
		};
		7704FA5F2CC082AC00A1D977 /* Vocales_PUTests */ = {
			isa = PBXNativeTarget;
			buildConfigurationList = 7704FA772CC082AC00A1D977 /* Build configuration list for PBXNativeTarget "Vocales_PUTests" */;
			buildPhases = (
				7704FA5C2CC082AC00A1D977 /* Sources */,
				7704FA5D2CC082AC00A1D977 /* Frameworks */,
				7704FA5E2CC082AC00A1D977 /* Resources */,
			);
			buildRules = (
			);
			dependencies = (
				7704FA622CC082AC00A1D977 /* PBXTargetDependency */,
			);
			name = Vocales_PUTests;
			productName = Vocales_PUTests;
			productReference = 7704FA602CC082AC00A1D977 /* Vocales_PUTests.xctest */;
			productType = "com.apple.product-type.bundle.unit-test";
		};
		7704FA692CC082AC00A1D977 /* Vocales_PUUITests */ = {
			isa = PBXNativeTarget;
			buildConfigurationList = 7704FA7A2CC082AC00A1D977 /* Build configuration list for PBXNativeTarget "Vocales_PUUITests" */;
			buildPhases = (
				7704FA662CC082AC00A1D977 /* Sources */,
				7704FA672CC082AC00A1D977 /* Frameworks */,
				7704FA682CC082AC00A1D977 /* Resources */,
			);
			buildRules = (
			);
			dependencies = (
				7704FA6C2CC082AC00A1D977 /* PBXTargetDependency */,
			);
			name = Vocales_PUUITests;
			productName = Vocales_PUUITests;
			productReference = 7704FA6A2CC082AC00A1D977 /* Vocales_PUUITests.xctest */;
			productType = "com.apple.product-type.bundle.ui-testing";
		};
/* End PBXNativeTarget section */

/* Begin PBXProject section */
		7704FA3F2CC082A500A1D977 /* Project object */ = {
			isa = PBXProject;
			attributes = {
				BuildIndependentTargetsInParallel = 1;
				LastSwiftUpdateCheck = 1320;
				LastUpgradeCheck = 1320;
				TargetAttributes = {
					7704FA462CC082A500A1D977 = {
						CreatedOnToolsVersion = 13.2.1;
					};
					7704FA5F2CC082AC00A1D977 = {
						CreatedOnToolsVersion = 13.2.1;
						TestTargetID = 7704FA462CC082A500A1D977;
					};
					7704FA692CC082AC00A1D977 = {
						CreatedOnToolsVersion = 13.2.1;
						TestTargetID = 7704FA462CC082A500A1D977;
					};
				};
			};
			buildConfigurationList = 7704FA422CC082A500A1D977 /* Build configuration list for PBXProject "Vocales_PU" */;
			compatibilityVersion = "Xcode 13.0";
			developmentRegion = en;
			hasScannedForEncodings = 0;
			knownRegions = (
				en,
				Base,
			);
			mainGroup = 7704FA3E2CC082A500A1D977;
			productRefGroup = 7704FA482CC082A500A1D977 /* Products */;
			projectDirPath = "";
			projectRoot = "";
			targets = (
				7704FA462CC082A500A1D977 /* Vocales_PU */,
				7704FA5F2CC082AC00A1D977 /* Vocales_PUTests */,
				7704FA692CC082AC00A1D977 /* Vocales_PUUITests */,
			);
		};
/* End PBXProject section */

/* Begin PBXResourcesBuildPhase section */
		7704FA452CC082A500A1D977 /* Resources */ = {
			isa = PBXResourcesBuildPhase;
			buildActionMask = 2147483647;
			files = (
				7704FA5A2CC082AC00A1D977 /* LaunchScreen.storyboard in Resources */,
				7704FA572CC082AC00A1D977 /* Assets.xcassets in Resources */,
				7704FA522CC082A500A1D977 /* Main.storyboard in Resources */,
			);
			runOnlyForDeploymentPostprocessing = 0;
		};
		7704FA5E2CC082AC00A1D977 /* Resources */ = {
			isa = PBXResourcesBuildPhase;
			buildActionMask = 2147483647;
			files = (
			);
			runOnlyForDeploymentPostprocessing = 0;
		};
		7704FA682CC082AC00A1D977 /* Resources */ = {
			isa = PBXResourcesBuildPhase;
			buildActionMask = 2147483647;
			files = (
			);
			runOnlyForDeploymentPostprocessing = 0;
		};
/* End PBXResourcesBuildPhase section */

/* Begin PBXSourcesBuildPhase section */
		7704FA432CC082A500A1D977 /* Sources */ = {
			isa = PBXSourcesBuildPhase;
			buildActionMask = 2147483647;
			files = (
				7704FA552CC082A500A1D977 /* Vocales_PU.xcdatamodeld in Sources */,
				7704FA4F2CC082A500A1D977 /* ViewController.swift in Sources */,
				7704FA4B2CC082A500A1D977 /* AppDelegate.swift in Sources */,
				7704FA7F2CC082EF00A1D977 /* class_vocales.swift in Sources */,
				7704FA4D2CC082A500A1D977 /* SceneDelegate.swift in Sources */,
			);
			runOnlyForDeploymentPostprocessing = 0;
		};
		7704FA5C2CC082AC00A1D977 /* Sources */ = {
			isa = PBXSourcesBuildPhase;
			buildActionMask = 2147483647;
			files = (
				7704FA652CC082AC00A1D977 /* Vocales_PUTests.swift in Sources */,
			);
			runOnlyForDeploymentPostprocessing = 0;
		};
		7704FA662CC082AC00A1D977 /* Sources */ = {
			isa = PBXSourcesBuildPhase;
			buildActionMask = 2147483647;
			files = (
				7704FA6F2CC082AC00A1D977 /* Vocales_PUUITests.swift in Sources */,
				7704FA712CC082AC00A1D977 /* Vocales_PUUITestsLaunchTests.swift in Sources */,
			);
			runOnlyForDeploymentPostprocessing = 0;
		};
/* End PBXSourcesBuildPhase section */

/* Begin PBXTargetDependency section */
		7704FA622CC082AC00A1D977 /* PBXTargetDependency */ = {
			isa = PBXTargetDependency;
			target = 7704FA462CC082A500A1D977 /* Vocales_PU */;
			targetProxy = 7704FA612CC082AC00A1D977 /* PBXContainerItemProxy */;
		};
		7704FA6C2CC082AC00A1D977 /* PBXTargetDependency */ = {
			isa = PBXTargetDependency;
			target = 7704FA462CC082A500A1D977 /* Vocales_PU */;
			targetProxy = 7704FA6B2CC082AC00A1D977 /* PBXContainerItemProxy */;
		};
/* End PBXTargetDependency section */

/* Begin PBXVariantGroup section */
		7704FA502CC082A500A1D977 /* Main.storyboard */ = {
			isa = PBXVariantGroup;
			children = (
				7704FA512CC082A500A1D977 /* Base */,
			);
			name = Main.storyboard;
			sourceTree = "<group>";
		};
		7704FA582CC082AC00A1D977 /* LaunchScreen.storyboard */ = {
			isa = PBXVariantGroup;
			children = (
				7704FA592CC082AC00A1D977 /* Base */,
			);
			name = LaunchScreen.storyboard;
			sourceTree = "<group>";
		};
/* End PBXVariantGroup section */

/* Begin XCBuildConfiguration section */
		7704FA722CC082AC00A1D977 /* Debug */ = {
			isa = XCBuildConfiguration;
			buildSettings = {
				ALWAYS_SEARCH_USER_PATHS = NO;
				CLANG_ANALYZER_NONNULL = YES;
				CLANG_ANALYZER_NUMBER_OBJECT_CONVERSION = YES_AGGRESSIVE;
				CLANG_CXX_LANGUAGE_STANDARD = "gnu++17";
				CLANG_CXX_LIBRARY = "libc++";
				CLANG_ENABLE_MODULES = YES;
				CLANG_ENABLE_OBJC_ARC = YES;
				CLANG_ENABLE_OBJC_WEAK = YES;
				CLANG_WARN_BLOCK_CAPTURE_AUTORELEASING = YES;
				CLANG_WARN_BOOL_CONVERSION = YES;
				CLANG_WARN_COMMA = YES;
				CLANG_WARN_CONSTANT_CONVERSION = YES;
				CLANG_WARN_DEPRECATED_OBJC_IMPLEMENTATIONS = YES;
				CLANG_WARN_DIRECT_OBJC_ISA_USAGE = YES_ERROR;
				CLANG_WARN_DOCUMENTATION_COMMENTS = YES;
				CLANG_WARN_EMPTY_BODY = YES;
				CLANG_WARN_ENUM_CONVERSION = YES;
				CLANG_WARN_INFINITE_RECURSION = YES;
				CLANG_WARN_INT_CONVERSION = YES;
				CLANG_WARN_NON_LITERAL_NULL_CONVERSION = YES;
				CLANG_WARN_OBJC_IMPLICIT_RETAIN_SELF = YES;
				CLANG_WARN_OBJC_LITERAL_CONVERSION = YES;
				CLANG_WARN_OBJC_ROOT_CLASS = YES_ERROR;
				CLANG_WARN_QUOTED_INCLUDE_IN_FRAMEWORK_HEADER = YES;
				CLANG_WARN_RANGE_LOOP_ANALYSIS = YES;
				CLANG_WARN_STRICT_PROTOTYPES = YES;
				CLANG_WARN_SUSPICIOUS_MOVE = YES;
				CLANG_WARN_UNGUARDED_AVAILABILITY = YES_AGGRESSIVE;
				CLANG_WARN_UNREACHABLE_CODE = YES;
				CLANG_WARN__DUPLICATE_METHOD_MATCH = YES;
				COPY_PHASE_STRIP = NO;
				DEBUG_INFORMATION_FORMAT = dwarf;
				ENABLE_STRICT_OBJC_MSGSEND = YES;
				ENABLE_TESTABILITY = YES;
				GCC_C_LANGUAGE_STANDARD = gnu11;
				GCC_DYNAMIC_NO_PIC = NO;
				GCC_NO_COMMON_BLOCKS = YES;
				GCC_OPTIMIZATION_LEVEL = 0;
				GCC_PREPROCESSOR_DEFINITIONS = (
					"DEBUG=1",
					"$(inherited)",
				);
				GCC_WARN_64_TO_32_BIT_CONVERSION = YES;
				GCC_WARN_ABOUT_RETURN_TYPE = YES_ERROR;
				GCC_WARN_UNDECLARED_SELECTOR = YES;
				GCC_WARN_UNINITIALIZED_AUTOS = YES_AGGRESSIVE;
				GCC_WARN_UNUSED_FUNCTION = YES;
				GCC_WARN_UNUSED_VARIABLE = YES;
				IPHONEOS_DEPLOYMENT_TARGET = 15.2;
				MTL_ENABLE_DEBUG_INFO = INCLUDE_SOURCE;
				MTL_FAST_MATH = YES;
				ONLY_ACTIVE_ARCH = YES;
				SDKROOT = iphoneos;
				SWIFT_ACTIVE_COMPILATION_CONDITIONS = DEBUG;
				SWIFT_OPTIMIZATION_LEVEL = "-Onone";
			};
			name = Debug;
		};
		7704FA732CC082AC00A1D977 /* Release */ = {
			isa = XCBuildConfiguration;
			buildSettings = {
				ALWAYS_SEARCH_USER_PATHS = NO;
				CLANG_ANALYZER_NONNULL = YES;
				CLANG_ANALYZER_NUMBER_OBJECT_CONVERSION = YES_AGGRESSIVE;
				CLANG_CXX_LANGUAGE_STANDARD = "gnu++17";
				CLANG_CXX_LIBRARY = "libc++";
				CLANG_ENABLE_MODULES = YES;
				CLANG_ENABLE_OBJC_ARC = YES;
				CLANG_ENABLE_OBJC_WEAK = YES;
				CLANG_WARN_BLOCK_CAPTURE_AUTORELEASING = YES;
				CLANG_WARN_BOOL_CONVERSION = YES;
				CLANG_WARN_COMMA = YES;
				CLANG_WARN_CONSTANT_CONVERSION = YES;
				CLANG_WARN_DEPRECATED_OBJC_IMPLEMENTATIONS = YES;
				CLANG_WARN_DIRECT_OBJC_ISA_USAGE = YES_ERROR;
				CLANG_WARN_DOCUMENTATION_COMMENTS = YES;
				CLANG_WARN_EMPTY_BODY = YES;
				CLANG_WARN_ENUM_CONVERSION = YES;
				CLANG_WARN_INFINITE_RECURSION = YES;
				CLANG_WARN_INT_CONVERSION = YES;
				CLANG_WARN_NON_LITERAL_NULL_CONVERSION = YES;
				CLANG_WARN_OBJC_IMPLICIT_RETAIN_SELF = YES;
				CLANG_WARN_OBJC_LITERAL_CONVERSION = YES;
				CLANG_WARN_OBJC_ROOT_CLASS = YES_ERROR;
				CLANG_WARN_QUOTED_INCLUDE_IN_FRAMEWORK_HEADER = YES;
				CLANG_WARN_RANGE_LOOP_ANALYSIS = YES;
				CLANG_WARN_STRICT_PROTOTYPES = YES;
				CLANG_WARN_SUSPICIOUS_MOVE = YES;
				CLANG_WARN_UNGUARDED_AVAILABILITY = YES_AGGRESSIVE;
				CLANG_WARN_UNREACHABLE_CODE = YES;
				CLANG_WARN__DUPLICATE_METHOD_MATCH = YES;
				COPY_PHASE_STRIP = NO;
				DEBUG_INFORMATION_FORMAT = "dwarf-with-dsym";
				ENABLE_NS_ASSERTIONS = NO;
				ENABLE_STRICT_OBJC_MSGSEND = YES;
				GCC_C_LANGUAGE_STANDARD = gnu11;
				GCC_NO_COMMON_BLOCKS = YES;
				GCC_WARN_64_TO_32_BIT_CONVERSION = YES;
				GCC_WARN_ABOUT_RETURN_TYPE = YES_ERROR;
				GCC_WARN_UNDECLARED_SELECTOR = YES;
				GCC_WARN_UNINITIALIZED_AUTOS = YES_AGGRESSIVE;
				GCC_WARN_UNUSED_FUNCTION = YES;
				GCC_WARN_UNUSED_VARIABLE = YES;
				IPHONEOS_DEPLOYMENT_TARGET = 15.2;
				MTL_ENABLE_DEBUG_INFO = NO;
				MTL_FAST_MATH = YES;
				SDKROOT = iphoneos;
				SWIFT_COMPILATION_MODE = wholemodule;
				SWIFT_OPTIMIZATION_LEVEL = "-O";
				VALIDATE_PRODUCT = YES;
			};
			name = Release;
		};
		7704FA752CC082AC00A1D977 /* Debug */ = {
			isa = XCBuildConfiguration;
			buildSettings = {
				ASSETCATALOG_COMPILER_APPICON_NAME = AppIcon;
				ASSETCATALOG_COMPILER_GLOBAL_ACCENT_COLOR_NAME = AccentColor;
				CODE_SIGN_STYLE = Automatic;
				CURRENT_PROJECT_VERSION = 1;
				GENERATE_INFOPLIST_FILE = YES;
				INFOPLIST_FILE = Vocales_PU/Info.plist;
				INFOPLIST_KEY_UIApplicationSupportsIndirectInputEvents = YES;
				INFOPLIST_KEY_UILaunchStoryboardName = LaunchScreen;
				INFOPLIST_KEY_UIMainStoryboardFile = Main;
				INFOPLIST_KEY_UISupportedInterfaceOrientations_iPad = "UIInterfaceOrientationPortrait UIInterfaceOrientationPortraitUpsideDown UIInterfaceOrientationLandscapeLeft UIInterfaceOrientationLandscapeRight";
				INFOPLIST_KEY_UISupportedInterfaceOrientations_iPhone = "UIInterfaceOrientationPortrait UIInterfaceOrientationLandscapeLeft UIInterfaceOrientationLandscapeRight";
				LD_RUNPATH_SEARCH_PATHS = (
					"$(inherited)",
					"@executable_path/Frameworks",
				);
				MARKETING_VERSION = 1.0;
				PRODUCT_BUNDLE_IDENTIFIER = "uam.Vocales-PU";
				PRODUCT_NAME = "$(TARGET_NAME)";
				SWIFT_EMIT_LOC_STRINGS = YES;
				SWIFT_VERSION = 5.0;
				TARGETED_DEVICE_FAMILY = "1,2";
			};
			name = Debug;
		};
		7704FA762CC082AC00A1D977 /* Release */ = {
			isa = XCBuildConfiguration;
			buildSettings = {
				ASSETCATALOG_COMPILER_APPICON_NAME = AppIcon;
				ASSETCATALOG_COMPILER_GLOBAL_ACCENT_COLOR_NAME = AccentColor;
				CODE_SIGN_STYLE = Automatic;
				CURRENT_PROJECT_VERSION = 1;
				GENERATE_INFOPLIST_FILE = YES;
				INFOPLIST_FILE = Vocales_PU/Info.plist;
				INFOPLIST_KEY_UIApplicationSupportsIndirectInputEvents = YES;
				INFOPLIST_KEY_UILaunchStoryboardName = LaunchScreen;
				INFOPLIST_KEY_UIMainStoryboardFile = Main;
				INFOPLIST_KEY_UISupportedInterfaceOrientations_iPad = "UIInterfaceOrientationPortrait UIInterfaceOrientationPortraitUpsideDown UIInterfaceOrientationLandscapeLeft UIInterfaceOrientationLandscapeRight";
				INFOPLIST_KEY_UISupportedInterfaceOrientations_iPhone = "UIInterfaceOrientationPortrait UIInterfaceOrientationLandscapeLeft UIInterfaceOrientationLandscapeRight";
				LD_RUNPATH_SEARCH_PATHS = (
					"$(inherited)",
					"@executable_path/Frameworks",
				);
				MARKETING_VERSION = 1.0;
				PRODUCT_BUNDLE_IDENTIFIER = "uam.Vocales-PU";
				PRODUCT_NAME = "$(TARGET_NAME)";
				SWIFT_EMIT_LOC_STRINGS = YES;
				SWIFT_VERSION = 5.0;
				TARGETED_DEVICE_FAMILY = "1,2";
			};
			name = Release;
		};
		7704FA782CC082AC00A1D977 /* Debug */ = {
			isa = XCBuildConfiguration;
			buildSettings = {
				ALWAYS_EMBED_SWIFT_STANDARD_LIBRARIES = YES;
				BUNDLE_LOADER = "$(TEST_HOST)";
				CODE_SIGN_STYLE = Automatic;
				CURRENT_PROJECT_VERSION = 1;
				GENERATE_INFOPLIST_FILE = YES;
				IPHONEOS_DEPLOYMENT_TARGET = 15.2;
				MARKETING_VERSION = 1.0;
				PRODUCT_BUNDLE_IDENTIFIER = "uam.Vocales-PUTests";
				PRODUCT_NAME = "$(TARGET_NAME)";
				SWIFT_EMIT_LOC_STRINGS = NO;
				SWIFT_VERSION = 5.0;
				TARGETED_DEVICE_FAMILY = "1,2";
				TEST_HOST = "$(BUILT_PRODUCTS_DIR)/Vocales_PU.app/Vocales_PU";
			};
			name = Debug;
		};
		7704FA792CC082AC00A1D977 /* Release */ = {
			isa = XCBuildConfiguration;
			buildSettings = {
				ALWAYS_EMBED_SWIFT_STANDARD_LIBRARIES = YES;
				BUNDLE_LOADER = "$(TEST_HOST)";
				CODE_SIGN_STYLE = Automatic;
				CURRENT_PROJECT_VERSION = 1;
				GENERATE_INFOPLIST_FILE = YES;
				IPHONEOS_DEPLOYMENT_TARGET = 15.2;
				MARKETING_VERSION = 1.0;
				PRODUCT_BUNDLE_IDENTIFIER = "uam.Vocales-PUTests";
				PRODUCT_NAME = "$(TARGET_NAME)";
				SWIFT_EMIT_LOC_STRINGS = NO;
				SWIFT_VERSION = 5.0;
				TARGETED_DEVICE_FAMILY = "1,2";
				TEST_HOST = "$(BUILT_PRODUCTS_DIR)/Vocales_PU.app/Vocales_PU";
			};
			name = Release;
		};
		7704FA7B2CC082AC00A1D977 /* Debug */ = {
			isa = XCBuildConfiguration;
			buildSettings = {
				ALWAYS_EMBED_SWIFT_STANDARD_LIBRARIES = YES;
				CODE_SIGN_STYLE = Automatic;
				CURRENT_PROJECT_VERSION = 1;
				GENERATE_INFOPLIST_FILE = YES;
				MARKETING_VERSION = 1.0;
				PRODUCT_BUNDLE_IDENTIFIER = "uam.Vocales-PUUITests";
				PRODUCT_NAME = "$(TARGET_NAME)";
				SWIFT_EMIT_LOC_STRINGS = NO;
				SWIFT_VERSION = 5.0;
				TARGETED_DEVICE_FAMILY = "1,2";
				TEST_TARGET_NAME = Vocales_PU;
			};
			name = Debug;
		};
		7704FA7C2CC082AC00A1D977 /* Release */ = {
			isa = XCBuildConfiguration;
			buildSettings = {
				ALWAYS_EMBED_SWIFT_STANDARD_LIBRARIES = YES;
				CODE_SIGN_STYLE = Automatic;
				CURRENT_PROJECT_VERSION = 1;
				GENERATE_INFOPLIST_FILE = YES;
				MARKETING_VERSION = 1.0;
				PRODUCT_BUNDLE_IDENTIFIER = "uam.Vocales-PUUITests";
				PRODUCT_NAME = "$(TARGET_NAME)";
				SWIFT_EMIT_LOC_STRINGS = NO;
				SWIFT_VERSION = 5.0;
				TARGETED_DEVICE_FAMILY = "1,2";
				TEST_TARGET_NAME = Vocales_PU;
			};
			name = Release;
		};
/* End XCBuildConfiguration section */

/* Begin XCConfigurationList section */
		7704FA422CC082A500A1D977 /* Build configuration list for PBXProject "Vocales_PU" */ = {
			isa = XCConfigurationList;
			buildConfigurations = (
				7704FA722CC082AC00A1D977 /* Debug */,
				7704FA732CC082AC00A1D977 /* Release */,
			);
			defaultConfigurationIsVisible = 0;
			defaultConfigurationName = Release;
		};
		7704FA742CC082AC00A1D977 /* Build configuration list for PBXNativeTarget "Vocales_PU" */ = {
			isa = XCConfigurationList;
			buildConfigurations = (
				7704FA752CC082AC00A1D977 /* Debug */,
				7704FA762CC082AC00A1D977 /* Release */,
			);
			defaultConfigurationIsVisible = 0;
			defaultConfigurationName = Release;
		};
		7704FA772CC082AC00A1D977 /* Build configuration list for PBXNativeTarget "Vocales_PUTests" */ = {
			isa = XCConfigurationList;
			buildConfigurations = (
				7704FA782CC082AC00A1D977 /* Debug */,
				7704FA792CC082AC00A1D977 /* Release */,
			);
			defaultConfigurationIsVisible = 0;
			defaultConfigurationName = Release;
		};
		7704FA7A2CC082AC00A1D977 /* Build configuration list for PBXNativeTarget "Vocales_PUUITests" */ = {
			isa = XCConfigurationList;
			buildConfigurations = (
				7704FA7B2CC082AC00A1D977 /* Debug */,
				7704FA7C2CC082AC00A1D977 /* Release */,
			);
			defaultConfigurationIsVisible = 0;
			defaultConfigurationName = Release;
		};
/* End XCConfigurationList section */

/* Begin XCVersionGroup section */
		7704FA532CC082A500A1D977 /* Vocales_PU.xcdatamodeld */ = {
			isa = XCVersionGroup;
			children = (
				7704FA542CC082A500A1D977 /* Vocales_PU.xcdatamodel */,
			);
			currentVersion = 7704FA542CC082A500A1D977 /* Vocales_PU.xcdatamodel */;
			path = Vocales_PU.xcdatamodeld;
			sourceTree = "<group>";
			versionGroupType = wrapper.xcdatamodel;
		};
/* End XCVersionGroup section */
	};
	rootObject = 7704FA3F2CC082A500A1D977 /* Project object */;
}
