// !$*UTF8*$!
{
	archiveVersion = 1;
	classes = {
	};
	objectVersion = 55;
	objects = {

/* Begin PBXBuildFile section */
		7704F9C72CC074D300A1D977 /* AppDelegate.swift in Sources */ = {isa = PBXBuildFile; fileRef = 7704F9C62CC074D300A1D977 /* AppDelegate.swift */; };
		7704F9C92CC074D300A1D977 /* SceneDelegate.swift in Sources */ = {isa = PBXBuildFile; fileRef = 7704F9C82CC074D300A1D977 /* SceneDelegate.swift */; };
		7704F9CB2CC074D300A1D977 /* ViewController.swift in Sources */ = {isa = PBXBuildFile; fileRef = 7704F9CA2CC074D300A1D977 /* ViewController.swift */; };
		7704F9CE2CC074D300A1D977 /* Main.storyboard in Resources */ = {isa = PBXBuildFile; fileRef = 7704F9CC2CC074D300A1D977 /* Main.storyboard */; };
		7704F9D12CC074D300A1D977 /* NUM_PAIMTU.xcdatamodeld in Sources */ = {isa = PBXBuildFile; fileRef = 7704F9CF2CC074D300A1D977 /* NUM_PAIMTU.xcdatamodeld */; };
		7704F9D32CC074D800A1D977 /* Assets.xcassets in Resources */ = {isa = PBXBuildFile; fileRef = 7704F9D22CC074D800A1D977 /* Assets.xcassets */; };
		7704F9D62CC074D800A1D977 /* LaunchScreen.storyboard in Resources */ = {isa = PBXBuildFile; fileRef = 7704F9D42CC074D800A1D977 /* LaunchScreen.storyboard */; };
		7704F9E12CC074D800A1D977 /* NUM_PAIMTUTests.swift in Sources */ = {isa = PBXBuildFile; fileRef = 7704F9E02CC074D800A1D977 /* NUM_PAIMTUTests.swift */; };
		7704F9EB2CC074D800A1D977 /* NUM_PAIMTUUITests.swift in Sources */ = {isa = PBXBuildFile; fileRef = 7704F9EA2CC074D800A1D977 /* NUM_PAIMTUUITests.swift */; };
		7704F9ED2CC074D800A1D977 /* NUM_PAIMTUUITestsLaunchTests.swift in Sources */ = {isa = PBXBuildFile; fileRef = 7704F9EC2CC074D800A1D977 /* NUM_PAIMTUUITestsLaunchTests.swift */; };
		7704F9FB2CC0751A00A1D977 /* Numeropi_class.swift in Sources */ = {isa = PBXBuildFile; fileRef = 7704F9FA2CC0751A00A1D977 /* Numeropi_class.swift */; };
/* End PBXBuildFile section */

/* Begin PBXContainerItemProxy section */
		7704F9DD2CC074D800A1D977 /* PBXContainerItemProxy */ = {
			isa = PBXContainerItemProxy;
			containerPortal = 7704F9BB2CC074D300A1D977 /* Project object */;
			proxyType = 1;
			remoteGlobalIDString = 7704F9C22CC074D300A1D977;
			remoteInfo = NUM_PAIMTU;
		};
		7704F9E72CC074D800A1D977 /* PBXContainerItemProxy */ = {
			isa = PBXContainerItemProxy;
			containerPortal = 7704F9BB2CC074D300A1D977 /* Project object */;
			proxyType = 1;
			remoteGlobalIDString = 7704F9C22CC074D300A1D977;
			remoteInfo = NUM_PAIMTU;
		};
/* End PBXContainerItemProxy section */

/* Begin PBXFileReference section */
		7704F9C32CC074D300A1D977 /* NUM_PAIMTU.app */ = {isa = PBXFileReference; explicitFileType = wrapper.application; includeInIndex = 0; path = NUM_PAIMTU.app; sourceTree = BUILT_PRODUCTS_DIR; };
		7704F9C62CC074D300A1D977 /* AppDelegate.swift */ = {isa = PBXFileReference; lastKnownFileType = sourcecode.swift; path = AppDelegate.swift; sourceTree = "<group>"; };
		7704F9C82CC074D300A1D977 /* SceneDelegate.swift */ = {isa = PBXFileReference; lastKnownFileType = sourcecode.swift; path = SceneDelegate.swift; sourceTree = "<group>"; };
		7704F9CA2CC074D300A1D977 /* ViewController.swift */ = {isa = PBXFileReference; lastKnownFileType = sourcecode.swift; path = ViewController.swift; sourceTree = "<group>"; };
		7704F9CD2CC074D300A1D977 /* Base */ = {isa = PBXFileReference; lastKnownFileType = file.storyboard; name = Base; path = Base.lproj/Main.storyboard; sourceTree = "<group>"; };
		7704F9D02CC074D300A1D977 /* NUM_PAIMTU.xcdatamodel */ = {isa = PBXFileReference; lastKnownFileType = wrapper.xcdatamodel; path = NUM_PAIMTU.xcdatamodel; sourceTree = "<group>"; };
		7704F9D22CC074D800A1D977 /* Assets.xcassets */ = {isa = PBXFileReference; lastKnownFileType = folder.assetcatalog; path = Assets.xcassets; sourceTree = "<group>"; };
		7704F9D52CC074D800A1D977 /* Base */ = {isa = PBXFileReference; lastKnownFileType = file.storyboard; name = Base; path = Base.lproj/LaunchScreen.storyboard; sourceTree = "<group>"; };
		7704F9D72CC074D800A1D977 /* Info.plist */ = {isa = PBXFileReference; lastKnownFileType = text.plist.xml; path = Info.plist; sourceTree = "<group>"; };
		7704F9DC2CC074D800A1D977 /* NUM_PAIMTUTests.xctest */ = {isa = PBXFileReference; explicitFileType = wrapper.cfbundle; includeInIndex = 0; path = NUM_PAIMTUTests.xctest; sourceTree = BUILT_PRODUCTS_DIR; };
		7704F9E02CC074D800A1D977 /* NUM_PAIMTUTests.swift */ = {isa = PBXFileReference; lastKnownFileType = sourcecode.swift; path = NUM_PAIMTUTests.swift; sourceTree = "<group>"; };
		7704F9E62CC074D800A1D977 /* NUM_PAIMTUUITests.xctest */ = {isa = PBXFileReference; explicitFileType = wrapper.cfbundle; includeInIndex = 0; path = NUM_PAIMTUUITests.xctest; sourceTree = BUILT_PRODUCTS_DIR; };
		7704F9EA2CC074D800A1D977 /* NUM_PAIMTUUITests.swift */ = {isa = PBXFileReference; lastKnownFileType = sourcecode.swift; path = NUM_PAIMTUUITests.swift; sourceTree = "<group>"; };
		7704F9EC2CC074D800A1D977 /* NUM_PAIMTUUITestsLaunchTests.swift */ = {isa = PBXFileReference; lastKnownFileType = sourcecode.swift; path = NUM_PAIMTUUITestsLaunchTests.swift; sourceTree = "<group>"; };
		7704F9FA2CC0751A00A1D977 /* Numeropi_class.swift */ = {isa = PBXFileReference; lastKnownFileType = sourcecode.swift; path = Numeropi_class.swift; sourceTree = "<group>"; };
/* End PBXFileReference section */

/* Begin PBXFrameworksBuildPhase section */
		7704F9C02CC074D300A1D977 /* Frameworks */ = {
			isa = PBXFrameworksBuildPhase;
			buildActionMask = 2147483647;
			files = (
			);
			runOnlyForDeploymentPostprocessing = 0;
		};
		7704F9D92CC074D800A1D977 /* Frameworks */ = {
			isa = PBXFrameworksBuildPhase;
			buildActionMask = 2147483647;
			files = (
			);
			runOnlyForDeploymentPostprocessing = 0;
		};
		7704F9E32CC074D800A1D977 /* Frameworks */ = {
			isa = PBXFrameworksBuildPhase;
			buildActionMask = 2147483647;
			files = (
			);
			runOnlyForDeploymentPostprocessing = 0;
		};
/* End PBXFrameworksBuildPhase section */

/* Begin PBXGroup section */
		7704F9BA2CC074D300A1D977 = {
			isa = PBXGroup;
			children = (
				7704F9F92CC074E400A1D977 /* Numero_ParImp_class */,
				7704F9C52CC074D300A1D977 /* NUM_PAIMTU */,
				7704F9DF2CC074D800A1D977 /* NUM_PAIMTUTests */,
				7704F9E92CC074D800A1D977 /* NUM_PAIMTUUITests */,
				7704F9C42CC074D300A1D977 /* Products */,
			);
			sourceTree = "<group>";
		};
		7704F9C42CC074D300A1D977 /* Products */ = {
			isa = PBXGroup;
			children = (
				7704F9C32CC074D300A1D977 /* NUM_PAIMTU.app */,
				7704F9DC2CC074D800A1D977 /* NUM_PAIMTUTests.xctest */,
				7704F9E62CC074D800A1D977 /* NUM_PAIMTUUITests.xctest */,
			);
			name = Products;
			sourceTree = "<group>";
		};
		7704F9C52CC074D300A1D977 /* NUM_PAIMTU */ = {
			isa = PBXGroup;
			children = (
				7704F9C62CC074D300A1D977 /* AppDelegate.swift */,
				7704F9C82CC074D300A1D977 /* SceneDelegate.swift */,
				7704F9CA2CC074D300A1D977 /* ViewController.swift */,
				7704F9CC2CC074D300A1D977 /* Main.storyboard */,
				7704F9D22CC074D800A1D977 /* Assets.xcassets */,
				7704F9D42CC074D800A1D977 /* LaunchScreen.storyboard */,
				7704F9D72CC074D800A1D977 /* Info.plist */,
				7704F9CF2CC074D300A1D977 /* NUM_PAIMTU.xcdatamodeld */,
			);
			path = NUM_PAIMTU;
			sourceTree = "<group>";
		};
		7704F9DF2CC074D800A1D977 /* NUM_PAIMTUTests */ = {
			isa = PBXGroup;
			children = (
				7704F9E02CC074D800A1D977 /* NUM_PAIMTUTests.swift */,
			);
			path = NUM_PAIMTUTests;
			sourceTree = "<group>";
		};
		7704F9E92CC074D800A1D977 /* NUM_PAIMTUUITests */ = {
			isa = PBXGroup;
			children = (
				7704F9EA2CC074D800A1D977 /* NUM_PAIMTUUITests.swift */,
				7704F9EC2CC074D800A1D977 /* NUM_PAIMTUUITestsLaunchTests.swift */,
			);
			path = NUM_PAIMTUUITests;
			sourceTree = "<group>";
		};
		7704F9F92CC074E400A1D977 /* Numero_ParImp_class */ = {
			isa = PBXGroup;
			children = (
				7704F9FA2CC0751A00A1D977 /* Numeropi_class.swift */,
			);
			path = Numero_ParImp_class;
			sourceTree = "<group>";
		};
/* End PBXGroup section */

/* Begin PBXNativeTarget section */
		7704F9C22CC074D300A1D977 /* NUM_PAIMTU */ = {
			isa = PBXNativeTarget;
			buildConfigurationList = 7704F9F02CC074D800A1D977 /* Build configuration list for PBXNativeTarget "NUM_PAIMTU" */;
			buildPhases = (
				7704F9BF2CC074D300A1D977 /* Sources */,
				7704F9C02CC074D300A1D977 /* Frameworks */,
				7704F9C12CC074D300A1D977 /* Resources */,
			);
			buildRules = (
			);
			dependencies = (
			);
			name = NUM_PAIMTU;
			productName = NUM_PAIMTU;
			productReference = 7704F9C32CC074D300A1D977 /* NUM_PAIMTU.app */;
			productType = "com.apple.product-type.application";
		};
		7704F9DB2CC074D800A1D977 /* NUM_PAIMTUTests */ = {
			isa = PBXNativeTarget;
			buildConfigurationList = 7704F9F32CC074D800A1D977 /* Build configuration list for PBXNativeTarget "NUM_PAIMTUTests" */;
			buildPhases = (
				7704F9D82CC074D800A1D977 /* Sources */,
				7704F9D92CC074D800A1D977 /* Frameworks */,
				7704F9DA2CC074D800A1D977 /* Resources */,
			);
			buildRules = (
			);
			dependencies = (
				7704F9DE2CC074D800A1D977 /* PBXTargetDependency */,
			);
			name = NUM_PAIMTUTests;
			productName = NUM_PAIMTUTests;
			productReference = 7704F9DC2CC074D800A1D977 /* NUM_PAIMTUTests.xctest */;
			productType = "com.apple.product-type.bundle.unit-test";
		};
		7704F9E52CC074D800A1D977 /* NUM_PAIMTUUITests */ = {
			isa = PBXNativeTarget;
			buildConfigurationList = 7704F9F62CC074D800A1D977 /* Build configuration list for PBXNativeTarget "NUM_PAIMTUUITests" */;
			buildPhases = (
				7704F9E22CC074D800A1D977 /* Sources */,
				7704F9E32CC074D800A1D977 /* Frameworks */,
				7704F9E42CC074D800A1D977 /* Resources */,
			);
			buildRules = (
			);
			dependencies = (
				7704F9E82CC074D800A1D977 /* PBXTargetDependency */,
			);
			name = NUM_PAIMTUUITests;
			productName = NUM_PAIMTUUITests;
			productReference = 7704F9E62CC074D800A1D977 /* NUM_PAIMTUUITests.xctest */;
			productType = "com.apple.product-type.bundle.ui-testing";
		};
/* End PBXNativeTarget section */

/* Begin PBXProject section */
		7704F9BB2CC074D300A1D977 /* Project object */ = {
			isa = PBXProject;
			attributes = {
				BuildIndependentTargetsInParallel = 1;
				LastSwiftUpdateCheck = 1320;
				LastUpgradeCheck = 1320;
				TargetAttributes = {
					7704F9C22CC074D300A1D977 = {
						CreatedOnToolsVersion = 13.2.1;
					};
					7704F9DB2CC074D800A1D977 = {
						CreatedOnToolsVersion = 13.2.1;
						TestTargetID = 7704F9C22CC074D300A1D977;
					};
					7704F9E52CC074D800A1D977 = {
						CreatedOnToolsVersion = 13.2.1;
						TestTargetID = 7704F9C22CC074D300A1D977;
					};
				};
			};
			buildConfigurationList = 7704F9BE2CC074D300A1D977 /* Build configuration list for PBXProject "NUM_PAIMTU" */;
			compatibilityVersion = "Xcode 13.0";
			developmentRegion = en;
			hasScannedForEncodings = 0;
			knownRegions = (
				en,
				Base,
			);
			mainGroup = 7704F9BA2CC074D300A1D977;
			productRefGroup = 7704F9C42CC074D300A1D977 /* Products */;
			projectDirPath = "";
			projectRoot = "";
			targets = (
				7704F9C22CC074D300A1D977 /* NUM_PAIMTU */,
				7704F9DB2CC074D800A1D977 /* NUM_PAIMTUTests */,
				7704F9E52CC074D800A1D977 /* NUM_PAIMTUUITests */,
			);
		};
/* End PBXProject section */

/* Begin PBXResourcesBuildPhase section */
		7704F9C12CC074D300A1D977 /* Resources */ = {
			isa = PBXResourcesBuildPhase;
			buildActionMask = 2147483647;
			files = (
				7704F9D62CC074D800A1D977 /* LaunchScreen.storyboard in Resources */,
				7704F9D32CC074D800A1D977 /* Assets.xcassets in Resources */,
				7704F9CE2CC074D300A1D977 /* Main.storyboard in Resources */,
			);
			runOnlyForDeploymentPostprocessing = 0;
		};
		7704F9DA2CC074D800A1D977 /* Resources */ = {
			isa = PBXResourcesBuildPhase;
			buildActionMask = 2147483647;
			files = (
			);
			runOnlyForDeploymentPostprocessing = 0;
		};
		7704F9E42CC074D800A1D977 /* Resources */ = {
			isa = PBXResourcesBuildPhase;
			buildActionMask = 2147483647;
			files = (
			);
			runOnlyForDeploymentPostprocessing = 0;
		};
/* End PBXResourcesBuildPhase section */

/* Begin PBXSourcesBuildPhase section */
		7704F9BF2CC074D300A1D977 /* Sources */ = {
			isa = PBXSourcesBuildPhase;
			buildActionMask = 2147483647;
			files = (
				7704F9CB2CC074D300A1D977 /* ViewController.swift in Sources */,
				7704F9FB2CC0751A00A1D977 /* Numeropi_class.swift in Sources */,
				7704F9C72CC074D300A1D977 /* AppDelegate.swift in Sources */,
				7704F9D12CC074D300A1D977 /* NUM_PAIMTU.xcdatamodeld in Sources */,
				7704F9C92CC074D300A1D977 /* SceneDelegate.swift in Sources */,
			);
			runOnlyForDeploymentPostprocessing = 0;
		};
		7704F9D82CC074D800A1D977 /* Sources */ = {
			isa = PBXSourcesBuildPhase;
			buildActionMask = 2147483647;
			files = (
				7704F9E12CC074D800A1D977 /* NUM_PAIMTUTests.swift in Sources */,
			);
			runOnlyForDeploymentPostprocessing = 0;
		};
		7704F9E22CC074D800A1D977 /* Sources */ = {
			isa = PBXSourcesBuildPhase;
			buildActionMask = 2147483647;
			files = (
				7704F9EB2CC074D800A1D977 /* NUM_PAIMTUUITests.swift in Sources */,
				7704F9ED2CC074D800A1D977 /* NUM_PAIMTUUITestsLaunchTests.swift in Sources */,
			);
			runOnlyForDeploymentPostprocessing = 0;
		};
/* End PBXSourcesBuildPhase section */

/* Begin PBXTargetDependency section */
		7704F9DE2CC074D800A1D977 /* PBXTargetDependency */ = {
			isa = PBXTargetDependency;
			target = 7704F9C22CC074D300A1D977 /* NUM_PAIMTU */;
			targetProxy = 7704F9DD2CC074D800A1D977 /* PBXContainerItemProxy */;
		};
		7704F9E82CC074D800A1D977 /* PBXTargetDependency */ = {
			isa = PBXTargetDependency;
			target = 7704F9C22CC074D300A1D977 /* NUM_PAIMTU */;
			targetProxy = 7704F9E72CC074D800A1D977 /* PBXContainerItemProxy */;
		};
/* End PBXTargetDependency section */

/* Begin PBXVariantGroup section */
		7704F9CC2CC074D300A1D977 /* Main.storyboard */ = {
			isa = PBXVariantGroup;
			children = (
				7704F9CD2CC074D300A1D977 /* Base */,
			);
			name = Main.storyboard;
			sourceTree = "<group>";
		};
		7704F9D42CC074D800A1D977 /* LaunchScreen.storyboard */ = {
			isa = PBXVariantGroup;
			children = (
				7704F9D52CC074D800A1D977 /* Base */,
			);
			name = LaunchScreen.storyboard;
			sourceTree = "<group>";
		};
/* End PBXVariantGroup section */

/* Begin XCBuildConfiguration section */
		7704F9EE2CC074D800A1D977 /* Debug */ = {
			isa = XCBuildConfiguration;
			buildSettings = {
				ALWAYS_SEARCH_USER_PATHS = NO;
				CLANG_ANALYZER_NONNULL = YES;
				CLANG_ANALYZER_NUMBER_OBJECT_CONVERSION = YES_AGGRESSIVE;
				CLANG_CXX_LANGUAGE_STANDARD = "gnu++17";
				CLANG_CXX_LIBRARY = "libc++";
				CLANG_ENABLE_MODULES = YES;
				CLANG_ENABLE_OBJC_ARC = YES;
				CLANG_ENABLE_OBJC_WEAK = YES;
				CLANG_WARN_BLOCK_CAPTURE_AUTORELEASING = YES;
				CLANG_WARN_BOOL_CONVERSION = YES;
				CLANG_WARN_COMMA = YES;
				CLANG_WARN_CONSTANT_CONVERSION = YES;
				CLANG_WARN_DEPRECATED_OBJC_IMPLEMENTATIONS = YES;
				CLANG_WARN_DIRECT_OBJC_ISA_USAGE = YES_ERROR;
				CLANG_WARN_DOCUMENTATION_COMMENTS = YES;
				CLANG_WARN_EMPTY_BODY = YES;
				CLANG_WARN_ENUM_CONVERSION = YES;
				CLANG_WARN_INFINITE_RECURSION = YES;
				CLANG_WARN_INT_CONVERSION = YES;
				CLANG_WARN_NON_LITERAL_NULL_CONVERSION = YES;
				CLANG_WARN_OBJC_IMPLICIT_RETAIN_SELF = YES;
				CLANG_WARN_OBJC_LITERAL_CONVERSION = YES;
				CLANG_WARN_OBJC_ROOT_CLASS = YES_ERROR;
				CLANG_WARN_QUOTED_INCLUDE_IN_FRAMEWORK_HEADER = YES;
				CLANG_WARN_RANGE_LOOP_ANALYSIS = YES;
				CLANG_WARN_STRICT_PROTOTYPES = YES;
				CLANG_WARN_SUSPICIOUS_MOVE = YES;
				CLANG_WARN_UNGUARDED_AVAILABILITY = YES_AGGRESSIVE;
				CLANG_WARN_UNREACHABLE_CODE = YES;
				CLANG_WARN__DUPLICATE_METHOD_MATCH = YES;
				COPY_PHASE_STRIP = NO;
				DEBUG_INFORMATION_FORMAT = dwarf;
				ENABLE_STRICT_OBJC_MSGSEND = YES;
				ENABLE_TESTABILITY = YES;
				GCC_C_LANGUAGE_STANDARD = gnu11;
				GCC_DYNAMIC_NO_PIC = NO;
				GCC_NO_COMMON_BLOCKS = YES;
				GCC_OPTIMIZATION_LEVEL = 0;
				GCC_PREPROCESSOR_DEFINITIONS = (
					"DEBUG=1",
					"$(inherited)",
				);
				GCC_WARN_64_TO_32_BIT_CONVERSION = YES;
				GCC_WARN_ABOUT_RETURN_TYPE = YES_ERROR;
				GCC_WARN_UNDECLARED_SELECTOR = YES;
				GCC_WARN_UNINITIALIZED_AUTOS = YES_AGGRESSIVE;
				GCC_WARN_UNUSED_FUNCTION = YES;
				GCC_WARN_UNUSED_VARIABLE = YES;
				IPHONEOS_DEPLOYMENT_TARGET = 15.2;
				MTL_ENABLE_DEBUG_INFO = INCLUDE_SOURCE;
				MTL_FAST_MATH = YES;
				ONLY_ACTIVE_ARCH = YES;
				SDKROOT = iphoneos;
				SWIFT_ACTIVE_COMPILATION_CONDITIONS = DEBUG;
				SWIFT_OPTIMIZATION_LEVEL = "-Onone";
			};
			name = Debug;
		};
		7704F9EF2CC074D800A1D977 /* Release */ = {
			isa = XCBuildConfiguration;
			buildSettings = {
				ALWAYS_SEARCH_USER_PATHS = NO;
				CLANG_ANALYZER_NONNULL = YES;
				CLANG_ANALYZER_NUMBER_OBJECT_CONVERSION = YES_AGGRESSIVE;
				CLANG_CXX_LANGUAGE_STANDARD = "gnu++17";
				CLANG_CXX_LIBRARY = "libc++";
				CLANG_ENABLE_MODULES = YES;
				CLANG_ENABLE_OBJC_ARC = YES;
				CLANG_ENABLE_OBJC_WEAK = YES;
				CLANG_WARN_BLOCK_CAPTURE_AUTORELEASING = YES;
				CLANG_WARN_BOOL_CONVERSION = YES;
				CLANG_WARN_COMMA = YES;
				CLANG_WARN_CONSTANT_CONVERSION = YES;
				CLANG_WARN_DEPRECATED_OBJC_IMPLEMENTATIONS = YES;
				CLANG_WARN_DIRECT_OBJC_ISA_USAGE = YES_ERROR;
				CLANG_WARN_DOCUMENTATION_COMMENTS = YES;
				CLANG_WARN_EMPTY_BODY = YES;
				CLANG_WARN_ENUM_CONVERSION = YES;
				CLANG_WARN_INFINITE_RECURSION = YES;
				CLANG_WARN_INT_CONVERSION = YES;
				CLANG_WARN_NON_LITERAL_NULL_CONVERSION = YES;
				CLANG_WARN_OBJC_IMPLICIT_RETAIN_SELF = YES;
				CLANG_WARN_OBJC_LITERAL_CONVERSION = YES;
				CLANG_WARN_OBJC_ROOT_CLASS = YES_ERROR;
				CLANG_WARN_QUOTED_INCLUDE_IN_FRAMEWORK_HEADER = YES;
				CLANG_WARN_RANGE_LOOP_ANALYSIS = YES;
				CLANG_WARN_STRICT_PROTOTYPES = YES;
				CLANG_WARN_SUSPICIOUS_MOVE = YES;
				CLANG_WARN_UNGUARDED_AVAILABILITY = YES_AGGRESSIVE;
				CLANG_WARN_UNREACHABLE_CODE = YES;
				CLANG_WARN__DUPLICATE_METHOD_MATCH = YES;
				COPY_PHASE_STRIP = NO;
				DEBUG_INFORMATION_FORMAT = "dwarf-with-dsym";
				ENABLE_NS_ASSERTIONS = NO;
				ENABLE_STRICT_OBJC_MSGSEND = YES;
				GCC_C_LANGUAGE_STANDARD = gnu11;
				GCC_NO_COMMON_BLOCKS = YES;
				GCC_WARN_64_TO_32_BIT_CONVERSION = YES;
				GCC_WARN_ABOUT_RETURN_TYPE = YES_ERROR;
				GCC_WARN_UNDECLARED_SELECTOR = YES;
				GCC_WARN_UNINITIALIZED_AUTOS = YES_AGGRESSIVE;
				GCC_WARN_UNUSED_FUNCTION = YES;
				GCC_WARN_UNUSED_VARIABLE = YES;
				IPHONEOS_DEPLOYMENT_TARGET = 15.2;
				MTL_ENABLE_DEBUG_INFO = NO;
				MTL_FAST_MATH = YES;
				SDKROOT = iphoneos;
				SWIFT_COMPILATION_MODE = wholemodule;
				SWIFT_OPTIMIZATION_LEVEL = "-O";
				VALIDATE_PRODUCT = YES;
			};
			name = Release;
		};
		7704F9F12CC074D800A1D977 /* Debug */ = {
			isa = XCBuildConfiguration;
			buildSettings = {
				ASSETCATALOG_COMPILER_APPICON_NAME = AppIcon;
				ASSETCATALOG_COMPILER_GLOBAL_ACCENT_COLOR_NAME = AccentColor;
				CODE_SIGN_STYLE = Automatic;
				CURRENT_PROJECT_VERSION = 1;
				GENERATE_INFOPLIST_FILE = YES;
				INFOPLIST_FILE = NUM_PAIMTU/Info.plist;
				INFOPLIST_KEY_UIApplicationSupportsIndirectInputEvents = YES;
				INFOPLIST_KEY_UILaunchStoryboardName = LaunchScreen;
				INFOPLIST_KEY_UIMainStoryboardFile = Main;
				INFOPLIST_KEY_UISupportedInterfaceOrientations_iPad = "UIInterfaceOrientationPortrait UIInterfaceOrientationPortraitUpsideDown UIInterfaceOrientationLandscapeLeft UIInterfaceOrientationLandscapeRight";
				INFOPLIST_KEY_UISupportedInterfaceOrientations_iPhone = "UIInterfaceOrientationPortrait UIInterfaceOrientationLandscapeLeft UIInterfaceOrientationLandscapeRight";
				LD_RUNPATH_SEARCH_PATHS = (
					"$(inherited)",
					"@executable_path/Frameworks",
				);
				MARKETING_VERSION = 1.0;
				PRODUCT_BUNDLE_IDENTIFIER = "uam.NUM-PAIMTU";
				PRODUCT_NAME = "$(TARGET_NAME)";
				SWIFT_EMIT_LOC_STRINGS = YES;
				SWIFT_VERSION = 5.0;
				TARGETED_DEVICE_FAMILY = "1,2";
			};
			name = Debug;
		};
		7704F9F22CC074D800A1D977 /* Release */ = {
			isa = XCBuildConfiguration;
			buildSettings = {
				ASSETCATALOG_COMPILER_APPICON_NAME = AppIcon;
				ASSETCATALOG_COMPILER_GLOBAL_ACCENT_COLOR_NAME = AccentColor;
				CODE_SIGN_STYLE = Automatic;
				CURRENT_PROJECT_VERSION = 1;
				GENERATE_INFOPLIST_FILE = YES;
				INFOPLIST_FILE = NUM_PAIMTU/Info.plist;
				INFOPLIST_KEY_UIApplicationSupportsIndirectInputEvents = YES;
				INFOPLIST_KEY_UILaunchStoryboardName = LaunchScreen;
				INFOPLIST_KEY_UIMainStoryboardFile = Main;
				INFOPLIST_KEY_UISupportedInterfaceOrientations_iPad = "UIInterfaceOrientationPortrait UIInterfaceOrientationPortraitUpsideDown UIInterfaceOrientationLandscapeLeft UIInterfaceOrientationLandscapeRight";
				INFOPLIST_KEY_UISupportedInterfaceOrientations_iPhone = "UIInterfaceOrientationPortrait UIInterfaceOrientationLandscapeLeft UIInterfaceOrientationLandscapeRight";
				LD_RUNPATH_SEARCH_PATHS = (
					"$(inherited)",
					"@executable_path/Frameworks",
				);
				MARKETING_VERSION = 1.0;
				PRODUCT_BUNDLE_IDENTIFIER = "uam.NUM-PAIMTU";
				PRODUCT_NAME = "$(TARGET_NAME)";
				SWIFT_EMIT_LOC_STRINGS = YES;
				SWIFT_VERSION = 5.0;
				TARGETED_DEVICE_FAMILY = "1,2";
			};
			name = Release;
		};
		7704F9F42CC074D800A1D977 /* Debug */ = {
			isa = XCBuildConfiguration;
			buildSettings = {
				ALWAYS_EMBED_SWIFT_STANDARD_LIBRARIES = YES;
				BUNDLE_LOADER = "$(TEST_HOST)";
				CODE_SIGN_STYLE = Automatic;
				CURRENT_PROJECT_VERSION = 1;
				GENERATE_INFOPLIST_FILE = YES;
				IPHONEOS_DEPLOYMENT_TARGET = 15.2;
				MARKETING_VERSION = 1.0;
				PRODUCT_BUNDLE_IDENTIFIER = "uam.NUM-PAIMTUTests";
				PRODUCT_NAME = "$(TARGET_NAME)";
				SWIFT_EMIT_LOC_STRINGS = NO;
				SWIFT_VERSION = 5.0;
				TARGETED_DEVICE_FAMILY = "1,2";
				TEST_HOST = "$(BUILT_PRODUCTS_DIR)/NUM_PAIMTU.app/NUM_PAIMTU";
			};
			name = Debug;
		};
		7704F9F52CC074D800A1D977 /* Release */ = {
			isa = XCBuildConfiguration;
			buildSettings = {
				ALWAYS_EMBED_SWIFT_STANDARD_LIBRARIES = YES;
				BUNDLE_LOADER = "$(TEST_HOST)";
				CODE_SIGN_STYLE = Automatic;
				CURRENT_PROJECT_VERSION = 1;
				GENERATE_INFOPLIST_FILE = YES;
				IPHONEOS_DEPLOYMENT_TARGET = 15.2;
				MARKETING_VERSION = 1.0;
				PRODUCT_BUNDLE_IDENTIFIER = "uam.NUM-PAIMTUTests";
				PRODUCT_NAME = "$(TARGET_NAME)";
				SWIFT_EMIT_LOC_STRINGS = NO;
				SWIFT_VERSION = 5.0;
				TARGETED_DEVICE_FAMILY = "1,2";
				TEST_HOST = "$(BUILT_PRODUCTS_DIR)/NUM_PAIMTU.app/NUM_PAIMTU";
			};
			name = Release;
		};
		7704F9F72CC074D800A1D977 /* Debug */ = {
			isa = XCBuildConfiguration;
			buildSettings = {
				ALWAYS_EMBED_SWIFT_STANDARD_LIBRARIES = YES;
				CODE_SIGN_STYLE = Automatic;
				CURRENT_PROJECT_VERSION = 1;
				GENERATE_INFOPLIST_FILE = YES;
				MARKETING_VERSION = 1.0;
				PRODUCT_BUNDLE_IDENTIFIER = "uam.NUM-PAIMTUUITests";
				PRODUCT_NAME = "$(TARGET_NAME)";
				SWIFT_EMIT_LOC_STRINGS = NO;
				SWIFT_VERSION = 5.0;
				TARGETED_DEVICE_FAMILY = "1,2";
				TEST_TARGET_NAME = NUM_PAIMTU;
			};
			name = Debug;
		};
		7704F9F82CC074D800A1D977 /* Release */ = {
			isa = XCBuildConfiguration;
			buildSettings = {
				ALWAYS_EMBED_SWIFT_STANDARD_LIBRARIES = YES;
				CODE_SIGN_STYLE = Automatic;
				CURRENT_PROJECT_VERSION = 1;
				GENERATE_INFOPLIST_FILE = YES;
				MARKETING_VERSION = 1.0;
				PRODUCT_BUNDLE_IDENTIFIER = "uam.NUM-PAIMTUUITests";
				PRODUCT_NAME = "$(TARGET_NAME)";
				SWIFT_EMIT_LOC_STRINGS = NO;
				SWIFT_VERSION = 5.0;
				TARGETED_DEVICE_FAMILY = "1,2";
				TEST_TARGET_NAME = NUM_PAIMTU;
			};
			name = Release;
		};
/* End XCBuildConfiguration section */

/* Begin XCConfigurationList section */
		7704F9BE2CC074D300A1D977 /* Build configuration list for PBXProject "NUM_PAIMTU" */ = {
			isa = XCConfigurationList;
			buildConfigurations = (
				7704F9EE2CC074D800A1D977 /* Debug */,
				7704F9EF2CC074D800A1D977 /* Release */,
			);
			defaultConfigurationIsVisible = 0;
			defaultConfigurationName = Release;
		};
		7704F9F02CC074D800A1D977 /* Build configuration list for PBXNativeTarget "NUM_PAIMTU" */ = {
			isa = XCConfigurationList;
			buildConfigurations = (
				7704F9F12CC074D800A1D977 /* Debug */,
				7704F9F22CC074D800A1D977 /* Release */,
			);
			defaultConfigurationIsVisible = 0;
			defaultConfigurationName = Release;
		};
		7704F9F32CC074D800A1D977 /* Build configuration list for PBXNativeTarget "NUM_PAIMTUTests" */ = {
			isa = XCConfigurationList;
			buildConfigurations = (
				7704F9F42CC074D800A1D977 /* Debug */,
				7704F9F52CC074D800A1D977 /* Release */,
			);
			defaultConfigurationIsVisible = 0;
			defaultConfigurationName = Release;
		};
		7704F9F62CC074D800A1D977 /* Build configuration list for PBXNativeTarget "NUM_PAIMTUUITests" */ = {
			isa = XCConfigurationList;
			buildConfigurations = (
				7704F9F72CC074D800A1D977 /* Debug */,
				7704F9F82CC074D800A1D977 /* Release */,
			);
			defaultConfigurationIsVisible = 0;
			defaultConfigurationName = Release;
		};
/* End XCConfigurationList section */

/* Begin XCVersionGroup section */
		7704F9CF2CC074D300A1D977 /* NUM_PAIMTU.xcdatamodeld */ = {
			isa = XCVersionGroup;
			children = (
				7704F9D02CC074D300A1D977 /* NUM_PAIMTU.xcdatamodel */,
			);
			currentVersion = 7704F9D02CC074D300A1D977 /* NUM_PAIMTU.xcdatamodel */;
			path = NUM_PAIMTU.xcdatamodeld;
			sourceTree = "<group>";
			versionGroupType = wrapper.xcdatamodel;
		};
/* End XCVersionGroup section */
	};
	rootObject = 7704F9BB2CC074D300A1D977 /* Project object */;
}
